
Microsoft Visual Studio Solution File, Format Version 12.00
# Visual Studio 15
VisualStudioVersion = 15.0.28307.1382
MinimumVisualStudioVersion = 10.0.40219.1
Project("{FAE04EC0-301F-11D3-BF4B-00C04F79EFBC}") = "ExtensionEngine", "ExtensionEngine\ExtensionEngine.csproj", "{49782CE6-1AA1-4277-A462-D2D885C48819}"
EndProject
Global
	GlobalSection(SolutionConfigurationPlatforms) = preSolution
		Debug|Any CPU = Debug|Any CPU
		Release|Any CPU = Release|Any CPU
	EndGlobalSection
	GlobalSection(ProjectConfigurationPlatforms) = postSolution
		{49782CE6-1AA1-4277-A462-D2D885C48819}.Debug|Any CPU.ActiveCfg = Debug|Any CPU
		{49782CE6-1AA1-4277-A462-D2D885C48819}.Debug|Any CPU.Build.0 = Debug|Any CPU
		{49782CE6-1AA1-4277-A462-D2D885C48819}.Release|Any CPU.ActiveCfg = Release|Any CPU
		{49782CE6-1AA1-4277-A462-D2D885C48819}.Release|Any CPU.Build.0 = Release|Any CPU
	EndGlobalSection
	GlobalSection(SolutionProperties) = preSolution
		HideSolutionNode = FALSE
	EndGlobalSection
	GlobalSection(ExtensibilityGlobals) = postSolution
		SolutionGuid = {5C1BBA76-BB80-40B8-8A2F-1C0437193C65}
	EndGlobalSection
EndGlobal
